{
  "name": "@lcp/economic-union",
  "version": "1.0.0",
  "lockfileVersion": 3,
  "requires": true,
  "packages": {
    "": {
      "name": "@lcp/economic-union",
      "version": "1.0.0",
      "license": "UNLICENSED",
      "workspaces": [
        "packages/*",
        "apps/*"
      ]
    }
  }
}
